Microsoft Visual Studio Solution File, Format Version 12.00
# Visual Studio Version 17
VisualStudioVersion = 17.5.2.0
MinimumVisualStudioVersion = 10.0.40219.1
Project("{2150E333-8FDC-42A3-9474-1A3956D46DE8}") = "vehicle-parts-backend-main", "vehicle-parts-backend-main", "{90DB8F4F-A713-8266-8187-90883AB0117E}"
EndProject
Project("{FAE04EC0-301F-11D3-BF4B-00C04F79EFBC}") = "VehicleParts.API", "vehicle-parts-backend-main\VehicleParts.API.csproj", "{14A57C23-56DF-98E4-41B8-B2DD977FEEDF}"
EndProject
Global
	GlobalSection(SolutionConfigurationPlatforms) = preSolution
		Debug|Any CPU = Debug|Any CPU
		Release|Any CPU = Release|Any CPU
	EndGlobalSection
	GlobalSection(ProjectConfigurationPlatforms) = postSolution
		{14A57C23-56DF-98E4-41B8-B2DD977FEEDF}.Debug|Any CPU.ActiveCfg = Debug|Any CPU
		{14A57C23-56DF-98E4-41B8-B2DD977FEEDF}.Debug|Any CPU.Build.0 = Debug|Any CPU
		{14A57C23-56DF-98E4-41B8-B2DD977FEEDF}.Release|Any CPU.ActiveCfg = Release|Any CPU
		{14A57C23-56DF-98E4-41B8-B2DD977FEEDF}.Release|Any CPU.Build.0 = Release|Any CPU
	EndGlobalSection
	GlobalSection(SolutionProperties) = preSolution
		HideSolutionNode = FALSE
	EndGlobalSection
	GlobalSection(NestedProjects) = preSolution
		{14A57C23-56DF-98E4-41B8-B2DD977FEEDF} = {90DB8F4F-A713-8266-8187-90883AB0117E}
	EndGlobalSection
	GlobalSection(ExtensibilityGlobals) = postSolution
		SolutionGuid = {386CA2B7-8A90-4C6F-832D-B5035610BC06}
	EndGlobalSection
EndGlobal
